
Microsoft Visual Studio Solution File, Format Version 12.00
# Visual Studio Version 16
VisualStudioVersion = 16.0.29324.140
MinimumVisualStudioVersion = 10.0.40219.1
Project("{FAE04EC0-301F-11D3-BF4B-00C04F79EFBC}") = "Exchanger_new_1", "Exchanger_new_1.csproj", "{5C792344-0F73-463A-8C95-93329779BFAA}"
EndProject
Project("{FAE04EC0-301F-11D3-BF4B-00C04F79EFBC}") = "ExchangeProvide", "..\ExchangeProvide\ExchangeProvide.csproj", "{906822C2-2EFA-4875-AC7E-2E43CB4C744F}"
EndProject
Project("{FAE04EC0-301F-11D3-BF4B-00C04F79EFBC}") = "ExchangerProviderTests", "..\ExchangerProviderTests\ExchangerProviderTests.csproj", "{60B7327A-C803-43D6-A0D7-21C3C60D99A4}"
EndProject
Global
	GlobalSection(SolutionConfigurationPlatforms) = preSolution
		Debug|Any CPU = Debug|Any CPU
		Release|Any CPU = Release|Any CPU
	EndGlobalSection
	GlobalSection(ProjectConfigurationPlatforms) = postSolution
		{5C792344-0F73-463A-8C95-93329779BFAA}.Debug|Any CPU.ActiveCfg = Debug|Any CPU
		{5C792344-0F73-463A-8C95-93329779BFAA}.Debug|Any CPU.Build.0 = Debug|Any CPU
		{5C792344-0F73-463A-8C95-93329779BFAA}.Release|Any CPU.ActiveCfg = Release|Any CPU
		{5C792344-0F73-463A-8C95-93329779BFAA}.Release|Any CPU.Build.0 = Release|Any CPU
		{906822C2-2EFA-4875-AC7E-2E43CB4C744F}.Debug|Any CPU.ActiveCfg = Debug|Any CPU
		{906822C2-2EFA-4875-AC7E-2E43CB4C744F}.Debug|Any CPU.Build.0 = Debug|Any CPU
		{906822C2-2EFA-4875-AC7E-2E43CB4C744F}.Release|Any CPU.ActiveCfg = Release|Any CPU
		{906822C2-2EFA-4875-AC7E-2E43CB4C744F}.Release|Any CPU.Build.0 = Release|Any CPU
		{60B7327A-C803-43D6-A0D7-21C3C60D99A4}.Debug|Any CPU.ActiveCfg = Debug|Any CPU
		{60B7327A-C803-43D6-A0D7-21C3C60D99A4}.Debug|Any CPU.Build.0 = Debug|Any CPU
		{60B7327A-C803-43D6-A0D7-21C3C60D99A4}.Release|Any CPU.ActiveCfg = Release|Any CPU
		{60B7327A-C803-43D6-A0D7-21C3C60D99A4}.Release|Any CPU.Build.0 = Release|Any CPU
	EndGlobalSection
	GlobalSection(SolutionProperties) = preSolution
		HideSolutionNode = FALSE
	EndGlobalSection
	GlobalSection(ExtensibilityGlobals) = postSolution
		SolutionGuid = {D6F2DF93-E796-4354-A16E-0CA8BF6C7EA7}
	EndGlobalSection
	GlobalSection(TeamFoundationVersionControl) = preSolution
		SccNumberOfProjects = 4
		SccEnterpriseProvider = {4CA58AB2-18FA-4F8D-95D4-32DDF27D184C}
		SccTeamFoundationServer = https://dev.azure.com/daniilgonchugov0299
		SccLocalPath0 = .
		SccProjectUniqueName1 = ..\\ExchangeProvide\\ExchangeProvide.csproj
		SccProjectName1 = ../ExchangeProvide
		SccLocalPath1 = ..\\ExchangeProvide
		SccProjectUniqueName2 = Exchanger_new_1.csproj
		SccLocalPath2 = .
		SccProjectUniqueName3 = ..\\ExchangerProviderTests\\ExchangerProviderTests.csproj
		SccProjectName3 = ../ExchangerProviderTests
		SccLocalPath3 = ..\\ExchangerProviderTests
	EndGlobalSection
EndGlobal
